<Solution>
  <Project Path="TicketSystem.API/TicketSystem.API.csproj" />
  <Project Path="TicketSystem.Application/TicketSystem.Application.csproj" />
  <Project Path="TicketSystem.Domain/TicketSystem.Domain.csproj" />
  <Project Path="TicketSystem.Infrastructure/TicketSystem.Infrastructure.csproj" />
</Solution>
